
Microsoft Visual Studio Solution File, Format Version 12.00
Project("{FAE04EC0-301F-11D3-BF4B-00C04F79EFBC}") = "FiapGames.Payments", "FiapGames.Payments\FiapGames.Payments.csproj", "{A2BE3AA1-8B7E-4D5B-BB3F-3BD566B90CC5}"
EndProject
Global
	GlobalSection(SolutionConfigurationPlatforms) = preSolution
		Debug|Any CPU = Debug|Any CPU
		Release|Any CPU = Release|Any CPU
	EndGlobalSection
	GlobalSection(ProjectConfigurationPlatforms) = postSolution
		{A2BE3AA1-8B7E-4D5B-BB3F-3BD566B90CC5}.Debug|Any CPU.ActiveCfg = Debug|Any CPU
		{A2BE3AA1-8B7E-4D5B-BB3F-3BD566B90CC5}.Debug|Any CPU.Build.0 = Debug|Any CPU
		{A2BE3AA1-8B7E-4D5B-BB3F-3BD566B90CC5}.Release|Any CPU.ActiveCfg = Release|Any CPU
		{A2BE3AA1-8B7E-4D5B-BB3F-3BD566B90CC5}.Release|Any CPU.Build.0 = Release|Any CPU
	EndGlobalSection
EndGlobal
